
Microsoft Visual Studio Solution File, Format Version 12.00
# Visual Studio Version 16
VisualStudioVersion = 16.0.31313.79
MinimumVisualStudioVersion = 10.0.40219.1
Project("{FAE04EC0-301F-11D3-BF4B-00C04F79EFBC}") = "MCPMappingsV2", "MCPMappingsV2\MCPMappingsV2.csproj", "{C65BA5E2-0399-4936-AC89-47E8E2E3258E}"
EndProject
Global
	GlobalSection(SolutionConfigurationPlatforms) = preSolution
		Debug|Any CPU = Debug|Any CPU
		Release|Any CPU = Release|Any CPU
	EndGlobalSection
	GlobalSection(ProjectConfigurationPlatforms) = postSolution
		{C65BA5E2-0399-4936-AC89-47E8E2E3258E}.Debug|Any CPU.ActiveCfg = Debug|Any CPU
		{C65BA5E2-0399-4936-AC89-47E8E2E3258E}.Debug|Any CPU.Build.0 = Debug|Any CPU
		{C65BA5E2-0399-4936-AC89-47E8E2E3258E}.Release|Any CPU.ActiveCfg = Release|Any CPU
		{C65BA5E2-0399-4936-AC89-47E8E2E3258E}.Release|Any CPU.Build.0 = Release|Any CPU
	EndGlobalSection
	GlobalSection(SolutionProperties) = preSolution
		HideSolutionNode = FALSE
	EndGlobalSection
	GlobalSection(ExtensibilityGlobals) = postSolution
		SolutionGuid = {7ACEED29-F095-4D35-9BBB-92BCBBC7A837}
	EndGlobalSection
EndGlobal
